
Microsoft Visual Studio Solution File, Format Version 12.00
# Visual Studio Version 17
VisualStudioVersion = 17.0.32014.148
MinimumVisualStudioVersion = 10.0.40219.1
Project("{FAE04EC0-301F-11D3-BF4B-00C04F79EFBC}") = "WpfApp2", "WpfApp2\WpfApp2.csproj", "{F83CEFB4-A172-4BED-9782-CA0DA495A90B}"
EndProject
Global
	GlobalSection(SolutionConfigurationPlatforms) = preSolution
		Debug|Any CPU = Debug|Any CPU
		Release|Any CPU = Release|Any CPU
	EndGlobalSection
	GlobalSection(ProjectConfigurationPlatforms) = postSolution
		{F83CEFB4-A172-4BED-9782-CA0DA495A90B}.Debug|Any CPU.ActiveCfg = Debug|Any CPU
		{F83CEFB4-A172-4BED-9782-CA0DA495A90B}.Debug|Any CPU.Build.0 = Debug|Any CPU
		{F83CEFB4-A172-4BED-9782-CA0DA495A90B}.Release|Any CPU.ActiveCfg = Release|Any CPU
		{F83CEFB4-A172-4BED-9782-CA0DA495A90B}.Release|Any CPU.Build.0 = Release|Any CPU
	EndGlobalSection
	GlobalSection(SolutionProperties) = preSolution
		HideSolutionNode = FALSE
	EndGlobalSection
	GlobalSection(ExtensibilityGlobals) = postSolution
		SolutionGuid = {39CD9A8A-B674-435E-8BA1-056D1CDBEA99}
	EndGlobalSection
EndGlobal
